
Microsoft Visual Studio Solution File, Format Version 12.00
# Visual Studio Version 17
VisualStudioVersion = 17.5.002.0
MinimumVisualStudioVersion = 10.0.40219.1
Project("{9A19103F-16F7-4668-BE54-9A1E7A4F7556}") = "GraphTraversal", "GraphTraversal.csproj", "{74D102ED-9A54-4CD5-9FCC-533CF23C73A2}"
EndProject
Global
	GlobalSection(SolutionConfigurationPlatforms) = preSolution
		Debug|Any CPU = Debug|Any CPU
		Release|Any CPU = Release|Any CPU
	EndGlobalSection
	GlobalSection(ProjectConfigurationPlatforms) = postSolution
		{74D102ED-9A54-4CD5-9FCC-533CF23C73A2}.Debug|Any CPU.ActiveCfg = Debug|Any CPU
		{74D102ED-9A54-4CD5-9FCC-533CF23C73A2}.Debug|Any CPU.Build.0 = Debug|Any CPU
		{74D102ED-9A54-4CD5-9FCC-533CF23C73A2}.Release|Any CPU.ActiveCfg = Release|Any CPU
		{74D102ED-9A54-4CD5-9FCC-533CF23C73A2}.Release|Any CPU.Build.0 = Release|Any CPU
	EndGlobalSection
	GlobalSection(SolutionProperties) = preSolution
		HideSolutionNode = FALSE
	EndGlobalSection
	GlobalSection(ExtensibilityGlobals) = postSolution
		SolutionGuid = {FB65BFB2-0DDC-43B5-B669-E69B4D7EEBC6}
	EndGlobalSection
EndGlobal
