
Microsoft Visual Studio Solution File, Format Version 12.00
# Visual Studio Version 17
VisualStudioVersion = 17.5.002.0
MinimumVisualStudioVersion = 10.0.40219.1
Project("{9A19103F-16F7-4668-BE54-9A1E7A4F7556}") = "CountingSort", "CountingSort.csproj", "{39EEC417-7753-405E-B0B3-12E5E03B6E74}"
EndProject
Project("{2150E333-8FDC-42A3-9474-1A3956D46DE8}") = "bin", "bin", "{9F1F1454-F727-47AF-A11A-6EB8916ED9B0}"
EndProject
Project("{2150E333-8FDC-42A3-9474-1A3956D46DE8}") = "Release", "Release", "{A29D89AB-5BA2-41FD-9A8A-87AFB489A52C}"
EndProject
Project("{2150E333-8FDC-42A3-9474-1A3956D46DE8}") = "net7.0", "net7.0", "{F20E51B8-2D9D-46A4-97E1-A66C33E78640}"
EndProject
Project("{9A19103F-16F7-4668-BE54-9A1E7A4F7556}") = "BenchmarkDotNet.Autogenerated", "bin\Release\net7.0\519cb0f6-de39-4ff6-808b-2b434a3456c2\BenchmarkDotNet.Autogenerated.csproj", "{42755E80-914A-4D48-BE35-38A084FC0417}"
EndProject
Global
	GlobalSection(SolutionConfigurationPlatforms) = preSolution
		Debug|Any CPU = Debug|Any CPU
		Release|Any CPU = Release|Any CPU
	EndGlobalSection
	GlobalSection(ProjectConfigurationPlatforms) = postSolution
		{39EEC417-7753-405E-B0B3-12E5E03B6E74}.Debug|Any CPU.ActiveCfg = Debug|Any CPU
		{39EEC417-7753-405E-B0B3-12E5E03B6E74}.Debug|Any CPU.Build.0 = Debug|Any CPU
		{39EEC417-7753-405E-B0B3-12E5E03B6E74}.Release|Any CPU.ActiveCfg = Release|Any CPU
		{39EEC417-7753-405E-B0B3-12E5E03B6E74}.Release|Any CPU.Build.0 = Release|Any CPU
		{42755E80-914A-4D48-BE35-38A084FC0417}.Debug|Any CPU.ActiveCfg = Debug|Any CPU
		{42755E80-914A-4D48-BE35-38A084FC0417}.Debug|Any CPU.Build.0 = Debug|Any CPU
		{42755E80-914A-4D48-BE35-38A084FC0417}.Release|Any CPU.ActiveCfg = Release|Any CPU
		{42755E80-914A-4D48-BE35-38A084FC0417}.Release|Any CPU.Build.0 = Release|Any CPU
	EndGlobalSection
	GlobalSection(SolutionProperties) = preSolution
		HideSolutionNode = FALSE
	EndGlobalSection
	GlobalSection(NestedProjects) = preSolution
		{A29D89AB-5BA2-41FD-9A8A-87AFB489A52C} = {9F1F1454-F727-47AF-A11A-6EB8916ED9B0}
		{F20E51B8-2D9D-46A4-97E1-A66C33E78640} = {A29D89AB-5BA2-41FD-9A8A-87AFB489A52C}
		{42755E80-914A-4D48-BE35-38A084FC0417} = {F20E51B8-2D9D-46A4-97E1-A66C33E78640}
	EndGlobalSection
	GlobalSection(ExtensibilityGlobals) = postSolution
		SolutionGuid = {F4D5ED1F-9FCC-4BFA-B7D8-4BC400F46879}
	EndGlobalSection
EndGlobal
