
Microsoft Visual Studio Solution File, Format Version 11.00
# Visual Studio 2010
Project("{FAE04EC0-301F-11D3-BF4B-00C04F79EFBC}") = "Mono.Samples.AspNet", "Mono.Samples.AspNet\Mono.Samples.AspNet.csproj", "{C0EF50F1-A4AF-45BD-B403-968252A09A07}"
EndProject
Global
	GlobalSection(SolutionConfigurationPlatforms) = preSolution
		Debug|Any CPU = Debug|Any CPU
		Release|Any CPU = Release|Any CPU
	EndGlobalSection
	GlobalSection(ProjectConfigurationPlatforms) = postSolution
		{C0EF50F1-A4AF-45BD-B403-968252A09A07}.Debug|Any CPU.ActiveCfg = Debug|Any CPU
		{C0EF50F1-A4AF-45BD-B403-968252A09A07}.Debug|Any CPU.Build.0 = Debug|Any CPU
		{C0EF50F1-A4AF-45BD-B403-968252A09A07}.Release|Any CPU.ActiveCfg = Release|Any CPU
		{C0EF50F1-A4AF-45BD-B403-968252A09A07}.Release|Any CPU.Build.0 = Release|Any CPU
	EndGlobalSection
	GlobalSection(MonoDevelopProperties) = preSolution
		StartupItem = Mono.Samples.AspNet\Mono.Samples.AspNet.csproj
	EndGlobalSection
EndGlobal
