
Microsoft Visual Studio Solution File, Format Version 11.00
# Visual Studio 2010
Project("{FAE04EC0-301F-11D3-BF4B-00C04F79EFBC}") = "Mono.Samples.AspNetMvc", "Mono.Samples.AspNetMvc\Mono.Samples.AspNetMvc.csproj", "{0859FFC4-2FAE-4B31-AC20-BDA9D7890207}"
EndProject
Global
	GlobalSection(SolutionConfigurationPlatforms) = preSolution
		Debug|Any CPU = Debug|Any CPU
		Release|Any CPU = Release|Any CPU
	EndGlobalSection
	GlobalSection(ProjectConfigurationPlatforms) = postSolution
		{0859FFC4-2FAE-4B31-AC20-BDA9D7890207}.Debug|Any CPU.ActiveCfg = Debug|Any CPU
		{0859FFC4-2FAE-4B31-AC20-BDA9D7890207}.Debug|Any CPU.Build.0 = Debug|Any CPU
		{0859FFC4-2FAE-4B31-AC20-BDA9D7890207}.Release|Any CPU.ActiveCfg = Release|Any CPU
		{0859FFC4-2FAE-4B31-AC20-BDA9D7890207}.Release|Any CPU.Build.0 = Release|Any CPU
	EndGlobalSection
	GlobalSection(MonoDevelopProperties) = preSolution
		StartupItem = Mono.Samples.AspNetMvc\Mono.Samples.AspNetMvc.csproj
	EndGlobalSection
EndGlobal
